
Microsoft Visual Studio Solution File, Format Version 12.00
# Visual Studio 15
VisualStudioVersion = 15.0.28307.1300
MinimumVisualStudioVersion = 10.0.40219.1
Project("{FAE04EC0-301F-11D3-BF4B-00C04F79EFBC}") = "LeerMensajesActiveMQ", "LeerMensajesActiveMQ\LeerMensajesActiveMQ.csproj", "{BA02A39A-AAAD-4C88-B284-57B79C59AA6A}"
EndProject
Global
	GlobalSection(SolutionConfigurationPlatforms) = preSolution
		Debug|Any CPU = Debug|Any CPU
		Release|Any CPU = Release|Any CPU
	EndGlobalSection
	GlobalSection(ProjectConfigurationPlatforms) = postSolution
		{BA02A39A-AAAD-4C88-B284-57B79C59AA6A}.Debug|Any CPU.ActiveCfg = Debug|Any CPU
		{BA02A39A-AAAD-4C88-B284-57B79C59AA6A}.Debug|Any CPU.Build.0 = Debug|Any CPU
		{BA02A39A-AAAD-4C88-B284-57B79C59AA6A}.Release|Any CPU.ActiveCfg = Release|Any CPU
		{BA02A39A-AAAD-4C88-B284-57B79C59AA6A}.Release|Any CPU.Build.0 = Release|Any CPU
	EndGlobalSection
	GlobalSection(SolutionProperties) = preSolution
		HideSolutionNode = FALSE
	EndGlobalSection
	GlobalSection(ExtensibilityGlobals) = postSolution
		SolutionGuid = {5E3E062E-6E0E-4847-8F72-DD2627489FA9}
	EndGlobalSection
EndGlobal
